Microsoft Visual Studio Solution File, Format Version 12.00
# Visual Studio Version 17
VisualStudioVersion = 17.5.2.0
MinimumVisualStudioVersion = 10.0.40219.1
Project("{2150E333-8FDC-42A3-9474-1A3956D46DE8}") = "src", "src", "{827E0CD3-B72D-47B6-A68D-7590B98EB39B}"
EndProject
Project("{2150E333-8FDC-42A3-9474-1A3956D46DE8}") = "backend_dotnet", "backend_dotnet", "{D9931E8F-92EC-3D2E-2393-BC255834B2CB}"
EndProject
Project("{FAE04EC0-301F-11D3-BF4B-00C04F79EFBC}") = "HRMApi", "src\backend_dotnet\HRMApi\HRMApi.csproj", "{A11EF754-0515-D2C9-2E3E-76B4B5AB8535}"
EndProject
Global
	GlobalSection(SolutionConfigurationPlatforms) = preSolution
		Debug|Any CPU = Debug|Any CPU
		Release|Any CPU = Release|Any CPU
	EndGlobalSection
	GlobalSection(ProjectConfigurationPlatforms) = postSolution
		{A11EF754-0515-D2C9-2E3E-76B4B5AB8535}.Debug|Any CPU.ActiveCfg = Debug|Any CPU
		{A11EF754-0515-D2C9-2E3E-76B4B5AB8535}.Debug|Any CPU.Build.0 = Debug|Any CPU
		{A11EF754-0515-D2C9-2E3E-76B4B5AB8535}.Release|Any CPU.ActiveCfg = Release|Any CPU
		{A11EF754-0515-D2C9-2E3E-76B4B5AB8535}.Release|Any CPU.Build.0 = Release|Any CPU
	EndGlobalSection
	GlobalSection(SolutionProperties) = preSolution
		HideSolutionNode = FALSE
	EndGlobalSection
	GlobalSection(NestedProjects) = preSolution
		{D9931E8F-92EC-3D2E-2393-BC255834B2CB} = {827E0CD3-B72D-47B6-A68D-7590B98EB39B}
		{A11EF754-0515-D2C9-2E3E-76B4B5AB8535} = {D9931E8F-92EC-3D2E-2393-BC255834B2CB}
	EndGlobalSection
	GlobalSection(ExtensibilityGlobals) = postSolution
		SolutionGuid = {508FC118-1D6E-4903-842C-C0B5FE910869}
	EndGlobalSection
EndGlobal
