Microsoft Visual Studio Solution File, Format Version 12.00
# Visual Studio Version 17
VisualStudioVersion = 17.5.2.0
MinimumVisualStudioVersion = 10.0.40219.1
Project("{2150E333-8FDC-42A3-9474-1A3956D46DE8}") = "backend_dotnet", "backend_dotnet", "{EBAD1264-E898-0168-C67C-B8828D31A294}"
EndProject
Project("{FAE04EC0-301F-11D3-BF4B-00C04F79EFBC}") = "HRMApi", "backend_dotnet\HRMApi\HRMApi.csproj", "{2E7E0376-1C1C-F30C-FFA5-58E9AEC4FBA8}"
EndProject
Global
	GlobalSection(SolutionConfigurationPlatforms) = preSolution
		Debug|Any CPU = Debug|Any CPU
		Release|Any CPU = Release|Any CPU
	EndGlobalSection
	GlobalSection(ProjectConfigurationPlatforms) = postSolution
		{2E7E0376-1C1C-F30C-FFA5-58E9AEC4FBA8}.Debug|Any CPU.ActiveCfg = Debug|Any CPU
		{2E7E0376-1C1C-F30C-FFA5-58E9AEC4FBA8}.Debug|Any CPU.Build.0 = Debug|Any CPU
		{2E7E0376-1C1C-F30C-FFA5-58E9AEC4FBA8}.Release|Any CPU.ActiveCfg = Release|Any CPU
		{2E7E0376-1C1C-F30C-FFA5-58E9AEC4FBA8}.Release|Any CPU.Build.0 = Release|Any CPU
	EndGlobalSection
	GlobalSection(SolutionProperties) = preSolution
		HideSolutionNode = FALSE
	EndGlobalSection
	GlobalSection(NestedProjects) = preSolution
		{2E7E0376-1C1C-F30C-FFA5-58E9AEC4FBA8} = {EBAD1264-E898-0168-C67C-B8828D31A294}
	EndGlobalSection
	GlobalSection(ExtensibilityGlobals) = postSolution
		SolutionGuid = {CAC5189F-BE7B-4CBD-BC76-32A9670E2F2D}
	EndGlobalSection
EndGlobal
